# THIS IS AN AUTOGENERATED FILE. DO NOT EDIT THIS FILE DIRECTLY.
# yarn lockfile v1


"@esbuild/android-arm@0.15.16":
  version "0.15.16"
  resolved "https://registry.yarnpkg.com/@esbuild/android-arm/-/android-arm-0.15.16.tgz#0642926178b15e3d1545efae6eee05c4f3451d15"
  integrity sha512-nyB6CH++2mSgx3GbnrJsZSxzne5K0HMyNIWafDHqYy7IwxFc4fd/CgHVZXr8Eh+Q3KbIAcAe3vGyqIPhGblvMQ==

"@esbuild/linux-loong64@0.15.16":
  version "0.15.16"
  resolved "https://registry.yarnpkg.com/@esbuild/linux-loong64/-/linux-loong64-0.15.16.tgz#284522de76abe951e4ed2bd24a467e8d49c67933"
  integrity sha512-SDLfP1uoB0HZ14CdVYgagllgrG7Mdxhkt4jDJOKl/MldKrkQ6vDJMZKl2+5XsEY/Lzz37fjgLQoJBGuAw/x8kQ==

"@iarna/toml@^2.2.5":
  version "2.2.5"
  resolved "https://registry.yarnpkg.com/@iarna/toml/-/toml-2.2.5.tgz#b32366c89b43c6f8cefbdefac778b9c828e3ba8c"
  integrity sha512-trnsAYxU3xnS1gPHPyU961coFyLkh4gAD/0zQ5mymY4yOZ+CYvsPqUbOFSw0aDM4y0tV7tiFxL/1XfXPNC6IPg==

"@maptalks/feature-filter@^1.0.0":
  version "1.2.0"
  resolved "https://registry.yarnpkg.com/@maptalks/feature-filter/-/feature-filter-1.2.0.tgz#12cb2cbcc3ac32f14543ba09f9a071747c99b743"
  integrity sha512-QmVUc0k5b0SrrS5qW28h5dyZFB6aCVJ7eDkmwv6bqL8dWQlVICmsyKATR3hUVwfUKuj2LpRv1X+/LaJTiOGHuA==

"@maptalks/function-type@^1.2.3":
  version "1.2.3"
  resolved "https://registry.yarnpkg.com/@maptalks/function-type/-/function-type-1.2.3.tgz#2f5c33b095af452c727026801bf1496ff78fe777"
  integrity sha512-q6i14qss+Y1bv5VzIvDFrsOGvWCih2p6LS2NcfgU7VrnjAlCRW1D6iVGDW2N9XCuJsXwg/9QJsTrqEIz6T7eUg==

"@polka/url@^1.0.0-next.20":
  version "1.0.0-next.21"
  resolved "https://registry.yarnpkg.com/@polka/url/-/url-1.0.0-next.21.tgz#5de5a2385a35309427f6011992b544514d559aa1"
  integrity sha512-a5Sab1C4/icpTZVzZc5Ghpz88yQtGOyNqYXcZgOssB2uuAr+wF/MvN6bgtW32q7HHrvBki+BsZ0OuNv6EV3K9g==

"@sveltejs/adapter-auto@^1.0.0-next.87":
  version "1.0.0-next.89"
  resolved "https://registry.yarnpkg.com/@sveltejs/adapter-auto/-/adapter-auto-1.0.0-next.89.tgz#2ed9cd7253115402bad98547e301985ff3fbd501"
  integrity sha512-S+sASFX4sSZD1xEKmZ3zHxQh2DGxXBUpCGAtUakKkI2MRvFIm+zYIm+7GPekofMLd19FjdFDKkuOjBKPdmA8+w==
  dependencies:
    import-meta-resolve "^2.1.0"

"@sveltejs/adapter-netlify@^1.0.0-next.84":
  version "1.0.0-next.84"
  resolved "https://registry.yarnpkg.com/@sveltejs/adapter-netlify/-/adapter-netlify-1.0.0-next.84.tgz#6581e3ca5528da1616518717295e6bff632e48c7"
  integrity sha512-i4vf3to0sV/iI39UPPhlVjOP+jZCZ048M4oHkqDM1FfJwACwgXaysdF2t4X0DV3loLmrkfarwbatjbGIECA9uQ==
  dependencies:
    "@iarna/toml" "^2.2.5"
    esbuild "^0.15.12"
    set-cookie-parser "^2.5.1"

"@sveltejs/kit@^1.0.0-next.540":
  version "1.0.0-next.564"
  resolved "https://registry.yarnpkg.com/@sveltejs/kit/-/kit-1.0.0-next.564.tgz#334cb1c93da9de5a731f35b17ea89641ca809ccc"
  integrity sha512-j5X8NVA+ros3YDaybsrybnsZasrsMKacAhLGll36SGkBDagCQANlY6O5B7fxP0FrejiuN6ZLh0hnROGsl5qAlQ==
  dependencies:
    "@sveltejs/vite-plugin-svelte" "^1.3.1"
    "@types/cookie" "^0.5.1"
    cookie "^0.5.0"
    devalue "^4.2.0"
    kleur "^4.1.5"
    magic-string "^0.26.7"
    mime "^3.0.0"
    sade "^1.8.1"
    set-cookie-parser "^2.5.1"
    sirv "^2.0.2"
    tiny-glob "^0.2.9"
    undici "5.13.0"

"@sveltejs/vite-plugin-svelte@^1.3.1":
  version "1.3.1"
  resolved "https://registry.yarnpkg.com/@sveltejs/vite-plugin-svelte/-/vite-plugin-svelte-1.3.1.tgz#1b0a109d49ec42981ea2e1d7bdb712fbc96354bb"
  integrity sha512-2Uu2sDdIR+XQWF7QWOVSF2jR9EU6Ciw1yWfYnfLYj8HIgnNxkh/8g22Fw2pBUI8QNyW/KxtqJUWBI+8ypamSrQ==
  dependencies:
    debug "^4.3.4"
    deepmerge "^4.2.2"
    kleur "^4.1.5"
    magic-string "^0.26.7"
    svelte-hmr "^0.15.1"
    vitefu "^0.2.2"

"@types/cookie@^0.5.1":
  version "0.5.1"
  resolved "https://registry.yarnpkg.com/@types/cookie/-/cookie-0.5.1.tgz#b29aa1f91a59f35e29ff8f7cb24faf1a3a750554"
  integrity sha512-COUnqfB2+ckwXXSFInsFdOAWQzCCx+a5hq2ruyj+Vjund94RJQd4LG2u9hnvJrTgunKAaax7ancBYlDrNYxA0g==

busboy@^1.6.0:
  version "1.6.0"
  resolved "https://registry.yarnpkg.com/busboy/-/busboy-1.6.0.tgz#966ea36a9502e43cdb9146962523b92f531f6893"
  integrity sha512-8SFQbg/0hQ9xy3UNTB0YEnsNBbWfhf7RtnzpL7TkBiTBRfrQ9Fxcnz7VJsleJpyp6rVLvXiuORqjlHi5q+PYuA==
  dependencies:
    streamsearch "^1.1.0"

cookie@^0.5.0:
  version "0.5.0"
  resolved "https://registry.yarnpkg.com/cookie/-/cookie-0.5.0.tgz#d1f5d71adec6558c58f389987c366aa47e994f8b"
  integrity sha512-YZ3GUyn/o8gfKJlnlX7g7xq4gyO6OSuhGPKaaGssGB2qgDUS0gPgtTvoyZLTt9Ab6dC4hfc9dV5arkvc/OCmrw==

debug@^4.3.4:
  version "4.3.4"
  resolved "https://registry.yarnpkg.com/debug/-/debug-4.3.4.tgz#1319f6579357f2338d3337d2cdd4914bb5dcc865"
  integrity sha512-PRWFHuSU3eDtQJPvnNY7Jcket1j0t5OuOsFzPPzsekD52Zl8qUfFIPEiswXqIvHWGVHOgX+7G/vCNNhehwxfkQ==
  dependencies:
    ms "2.1.2"

deepmerge@^4.2.2:
  version "4.2.2"
  resolved "https://registry.yarnpkg.com/deepmerge/-/deepmerge-4.2.2.tgz#44d2ea3679b8f4d4ffba33f03d865fc1e7bf4955"
  integrity sha512-FJ3UgI4gIl+PHZm53knsuSFpE+nESMr7M4v9QcgB7S63Kj/6WqMiFQJpBBYz1Pt+66bZpP3Q7Lye0Oo9MPKEdg==

devalue@^4.2.0:
  version "4.2.0"
  resolved "https://registry.yarnpkg.com/devalue/-/devalue-4.2.0.tgz#3f542d7c828e317bab5fd3bcecde210af8f83d4b"
  integrity sha512-mbjoAaCL2qogBKgeFxFPOXAUsZchircF+B/79LD4sHH0+NHfYm8gZpQrskKDn5gENGt35+5OI1GUF7hLVnkPDw==

deyihu-geometry-extrude@0.1.10:
  version "0.1.10"
  resolved "https://registry.yarnpkg.com/deyihu-geometry-extrude/-/deyihu-geometry-extrude-0.1.10.tgz#ef8bdff9188c824f0266ced13e084777c3aff628"
  integrity sha512-qvX/TbA7aELZOwYOlhp2+gJILRGiUPGyErJDgTV8sooyocKERSxYWJxvwCT5bySnrVoJAd9Juh6jF8MvXzVbxA==
  dependencies:
    earcut "^2.1.3"

earcut@^2.1.3, earcut@^2.2.4:
  version "2.2.4"
  resolved "https://registry.yarnpkg.com/earcut/-/earcut-2.2.4.tgz#6d02fd4d68160c114825d06890a92ecaae60343a"
  integrity sha512-/pjZsA1b4RPHbeWZQn66SWS8nZZWLQQ23oE3Eam7aroEFGEvwKAsJfZ9ytiEMycfzXWpca4FA9QIOehf7PocBQ==

esbuild-android-64@0.15.16:
  version "0.15.16"
  resolved "https://registry.yarnpkg.com/esbuild-android-64/-/esbuild-android-64-0.15.16.tgz#0d6a16fa1bea441d5183976f1633183c25a764d5"
  integrity sha512-Vwkv/sT0zMSgPSVO3Jlt1pUbnZuOgtOQJkJkyyJFAlLe7BiT8e9ESzo0zQSx4c3wW4T6kGChmKDPMbWTgtliQA==

esbuild-android-arm64@0.15.16:
  version "0.15.16"
  resolved "https://registry.yarnpkg.com/esbuild-android-arm64/-/esbuild-android-arm64-0.15.16.tgz#78643bbbf396d26d20ba1f2fcdff3618c7c033e9"
  integrity sha512-lqfKuofMExL5niNV3gnhMUYacSXfsvzTa/58sDlBET/hCOG99Zmeh+lz6kvdgvGOsImeo6J9SW21rFCogNPLxg==

esbuild-darwin-64@0.15.16:
  version "0.15.16"
  resolved "https://registry.yarnpkg.com/esbuild-darwin-64/-/esbuild-darwin-64-0.15.16.tgz#de3e91809dcd1ffb64409e2f990bb86e33e4ffd8"
  integrity sha512-wo2VWk/n/9V2TmqUZ/KpzRjCEcr00n7yahEdmtzlrfQ3lfMCf3Wa+0sqHAbjk3C6CKkR3WKK/whkMq5Gj4Da9g==

esbuild-darwin-arm64@0.15.16:
  version "0.15.16"
  resolved "https://registry.yarnpkg.com/esbuild-darwin-arm64/-/esbuild-darwin-arm64-0.15.16.tgz#bc9cc8d51109d8e9db4ffe2c064dd53d1eb5a2a6"
  integrity sha512-fMXaUr5ou0M4WnewBKsspMtX++C1yIa3nJ5R2LSbLCfJT3uFdcRoU/NZjoM4kOMKyOD9Sa/2vlgN8G07K3SJnw==

esbuild-freebsd-64@0.15.16:
  version "0.15.16"
  resolved "https://registry.yarnpkg.com/esbuild-freebsd-64/-/esbuild-freebsd-64-0.15.16.tgz#f8c54c679c16e9b20a1bf860ca91ba700d6c9c5d"
  integrity sha512-UzIc0xlRx5x9kRuMr+E3+hlSOxa/aRqfuMfiYBXu2jJ8Mzej4lGL7+o6F5hzhLqWfWm1GWHNakIdlqg1ayaTNQ==

esbuild-freebsd-arm64@0.15.16:
  version "0.15.16"
  resolved "https://registry.yarnpkg.com/esbuild-freebsd-arm64/-/esbuild-freebsd-arm64-0.15.16.tgz#dd28a55df0f062e2c1628266008434c32ddc7adf"
  integrity sha512-8xyiYuGc0DLZphFQIiYaLHlfoP+hAN9RHbE+Ibh8EUcDNHAqbQgUrQg7pE7Bo00rXmQ5Ap6KFgcR0b4ALZls1g==

esbuild-linux-32@0.15.16:
  version "0.15.16"
  resolved "https://registry.yarnpkg.com/esbuild-linux-32/-/esbuild-linux-32-0.15.16.tgz#41eb0b9b49b3430b9cc4577f1ad3d414ef70f806"
  integrity sha512-iGijUTV+0kIMyUVoynK0v+32Oi8yyp0xwMzX69GX+5+AniNy/C/AL1MjFTsozRp/3xQPl7jVux/PLe2ds10/2w==

esbuild-linux-64@0.15.16:
  version "0.15.16"
  resolved "https://registry.yarnpkg.com/esbuild-linux-64/-/esbuild-linux-64-0.15.16.tgz#b2fb0c7d49b7a579b2de26fbf4c7afb1835f2073"
  integrity sha512-tuSOjXdLw7VzaUj89fIdAaQT7zFGbKBcz4YxbWrOiXkwscYgE7HtTxUavreBbnRkGxKwr9iT/gmeJWNm4djy/g==

esbuild-linux-arm64@0.15.16:
  version "0.15.16"
  resolved "https://registry.yarnpkg.com/esbuild-linux-arm64/-/esbuild-linux-arm64-0.15.16.tgz#78fed3745b20251fc3bdc8db35ea0781e9b0e7c6"
  integrity sha512-mPYksnfHnemNrvjrDhZyixL/AfbJN0Xn9S34ZOHYdh6/jJcNd8iTsv3JwJoEvTJqjMggjMhGUPJAdjnFBHoH8A==

esbuild-linux-arm@0.15.16:
  version "0.15.16"
  resolved "https://registry.yarnpkg.com/esbuild-linux-arm/-/esbuild-linux-arm-0.15.16.tgz#6963f061a2b778aad7df2bfb6fa32d1904313f7f"
  integrity sha512-XKcrxCEXDTOuoRj5l12tJnkvuxXBMKwEC5j0JISw3ziLf0j4zIwXbKbTmUrKFWbo6ZgvNpa7Y5dnbsjVvH39bQ==

esbuild-linux-mips64le@0.15.16:
  version "0.15.16"
  resolved "https://registry.yarnpkg.com/esbuild-linux-mips64le/-/esbuild-linux-mips64le-0.15.16.tgz#e2aed3527e551f8182c6b0fc8a045726fd98ad87"
  integrity sha512-kSJO2PXaxfm0pWY39+YX+QtpFqyyrcp0ZeI8QPTrcFVQoWEPiPVtOfTZeS3ZKedfH+Ga38c4DSzmKMQJocQv6A==

esbuild-linux-ppc64le@0.15.16:
  version "0.15.16"
  resolved "https://registry.yarnpkg.com/esbuild-linux-ppc64le/-/esbuild-linux-ppc64le-0.15.16.tgz#fa3095b24950f63408f46f34b6d9a073ed88d53f"
  integrity sha512-NimPikwkBY0yGABw6SlhKrtT35sU4O23xkhlrTT/O6lSxv3Pm5iSc6OYaqVAHWkLdVf31bF4UDVFO+D990WpAA==

esbuild-linux-riscv64@0.15.16:
  version "0.15.16"
  resolved "https://registry.yarnpkg.com/esbuild-linux-riscv64/-/esbuild-linux-riscv64-0.15.16.tgz#19c012dcc55c9d6d2a3855aa77c2c5217182cd1e"
  integrity sha512-ty2YUHZlwFOwp7pR+J87M4CVrXJIf5ZZtU/umpxgVJBXvWjhziSLEQxvl30SYfUPq0nzeWKBGw5i/DieiHeKfw==

esbuild-linux-s390x@0.15.16:
  version "0.15.16"
  resolved "https://registry.yarnpkg.com/esbuild-linux-s390x/-/esbuild-linux-s390x-0.15.16.tgz#aa61f64740e5b983cc3ebb4183a03df4b435a873"
  integrity sha512-VkZaGssvPDQtx4fvVdZ9czezmyWyzpQhEbSNsHZZN0BHvxRLOYAQ7sjay8nMQwYswP6O2KlZluRMNPYefFRs+w==

esbuild-netbsd-64@0.15.16:
  version "0.15.16"
  resolved "https://registry.yarnpkg.com/esbuild-netbsd-64/-/esbuild-netbsd-64-0.15.16.tgz#dffdc104c1f2bafc42be3faa21376c0a092f5702"
  integrity sha512-ElQ9rhdY51et6MJTWrCPbqOd/YuPowD7Cxx3ee8wlmXQQVW7UvQI6nSprJ9uVFQISqSF5e5EWpwWqXZsECLvXg==

esbuild-openbsd-64@0.15.16:
  version "0.15.16"
  resolved "https://registry.yarnpkg.com/esbuild-openbsd-64/-/esbuild-openbsd-64-0.15.16.tgz#e5987f8eda55ea5f6ef6258afb1a838158f890bb"
  integrity sha512-KgxMHyxMCT+NdLQE1zVJEsLSt2QQBAvJfmUGDmgEq8Fvjrf6vSKB00dVHUEDKcJwMID6CdgCpvYNt999tIYhqA==

esbuild-sunos-64@0.15.16:
  version "0.15.16"
  resolved "https://registry.yarnpkg.com/esbuild-sunos-64/-/esbuild-sunos-64-0.15.16.tgz#60a085aa4b74d900e4de8c00a9fce207937320a2"
  integrity sha512-exSAx8Phj7QylXHlMfIyEfNrmqnLxFqLxdQF6MBHPdHAjT7fsKaX6XIJn+aQEFiOcE4X8e7VvdMCJ+WDZxjSRQ==

esbuild-windows-32@0.15.16:
  version "0.15.16"
  resolved "https://registry.yarnpkg.com/esbuild-windows-32/-/esbuild-windows-32-0.15.16.tgz#24f94e5fb243d211c7db9a12985fd2880ba98ca3"
  integrity sha512-zQgWpY5pUCSTOwqKQ6/vOCJfRssTvxFuEkpB4f2VUGPBpdddZfdj8hbZuFRdZRPIVHvN7juGcpgCA/XCF37mAQ==

esbuild-windows-64@0.15.16:
  version "0.15.16"
  resolved "https://registry.yarnpkg.com/esbuild-windows-64/-/esbuild-windows-64-0.15.16.tgz#71d24d68d8b652bf5a93a6c7453c334584fa2211"
  integrity sha512-HjW1hHRLSncnM3MBCP7iquatHVJq9l0S2xxsHHj4yzf4nm9TU4Z7k4NkeMlD/dHQ4jPlQQhwcMvwbJiOefSuZw==

esbuild-windows-arm64@0.15.16:
  version "0.15.16"
  resolved "https://registry.yarnpkg.com/esbuild-windows-arm64/-/esbuild-windows-arm64-0.15.16.tgz#77e804d60dec0390fe8f21401e39b435d5d1b863"
  integrity sha512-oCcUKrJaMn04Vxy9Ekd8x23O8LoU01+4NOkQ2iBToKgnGj5eo1vU9i27NQZ9qC8NFZgnQQZg5oZWAejmbsppNA==

esbuild@^0.15.12, esbuild@^0.15.9:
  version "0.15.16"
  resolved "https://registry.yarnpkg.com/esbuild/-/esbuild-0.15.16.tgz#59324e5667985bf6aee8a91ea576baef6872cf21"
  integrity sha512-o6iS9zxdHrrojjlj6pNGC2NAg86ECZqIETswTM5KmJitq+R1YmahhWtMumeQp9lHqJaROGnsBi2RLawGnfo5ZQ==
  optionalDependencies:
    "@esbuild/android-arm" "0.15.16"
    "@esbuild/linux-loong64" "0.15.16"
    esbuild-android-64 "0.15.16"
    esbuild-android-arm64 "0.15.16"
    esbuild-darwin-64 "0.15.16"
    esbuild-darwin-arm64 "0.15.16"
    esbuild-freebsd-64 "0.15.16"
    esbuild-freebsd-arm64 "0.15.16"
    esbuild-linux-32 "0.15.16"
    esbuild-linux-64 "0.15.16"
    esbuild-linux-arm "0.15.16"
    esbuild-linux-arm64 "0.15.16"
    esbuild-linux-mips64le "0.15.16"
    esbuild-linux-ppc64le "0.15.16"
    esbuild-linux-riscv64 "0.15.16"
    esbuild-linux-s390x "0.15.16"
    esbuild-netbsd-64 "0.15.16"
    esbuild-openbsd-64 "0.15.16"
    esbuild-sunos-64 "0.15.16"
    esbuild-windows-32 "0.15.16"
    esbuild-windows-64 "0.15.16"
    esbuild-windows-arm64 "0.15.16"

frustum-intersects@^0.1.0:
  version "0.1.0"
  resolved "https://registry.yarnpkg.com/frustum-intersects/-/frustum-intersects-0.1.0.tgz#d1d144099a40d8c5168b62acc83731434f5fa709"
  integrity sha512-W0S6dmX5LJLtamimyuKhvbkpDTm5eVfMgk4X9yXNyWQ1zZ/cMm0PZoeX9Pm0tL302l+erQVrdfRGhV3ILfeTeQ==

fsevents@~2.3.2:
  version "2.3.2"
  resolved "https://registry.yarnpkg.com/fsevents/-/fsevents-2.3.2.tgz#8a526f78b8fdf4623b709e0b975c52c24c02fd1a"
  integrity sha512-xiqMQR4xAeHTuB9uWm+fFRcIOgKBMiOBP+eXiyT7jsgVCq1bkVygt00oASowB7EdtpOHaaPgKt812P9ab+DDKA==

function-bind@^1.1.1:
  version "1.1.1"
  resolved "https://registry.yarnpkg.com/function-bind/-/function-bind-1.1.1.tgz#a56899d3ea3c9bab874bb9773b7c5ede92f4895d"
  integrity sha512-yIovAzMX49sF8Yl58fSCWJ5svSLuaibPxXQJFLmBObTuCr0Mf1KiPopGM9NiFjiYBCbfaa2Fh6breQ6ANVTI0A==

globalyzer@0.1.0:
  version "0.1.0"
  resolved "https://registry.yarnpkg.com/globalyzer/-/globalyzer-0.1.0.tgz#cb76da79555669a1519d5a8edf093afaa0bf1465"
  integrity sha512-40oNTM9UfG6aBmuKxk/giHn5nQ8RVz/SS4Ir6zgzOv9/qC3kKZ9v4etGTcJbEl/NyVQH7FGU7d+X1egr57Md2Q==

globrex@^0.1.2:
  version "0.1.2"
  resolved "https://registry.yarnpkg.com/globrex/-/globrex-0.1.2.tgz#dd5d9ec826232730cd6793a5e33a9302985e6098"
  integrity sha512-uHJgbwAMwNFf5mLst7IWLNg14x1CkeqglJb/K3doi4dw6q2IvAAmM/Y81kevy83wP+Sst+nutFTYOGg3d1lsxg==

has@^1.0.3:
  version "1.0.3"
  resolved "https://registry.yarnpkg.com/has/-/has-1.0.3.tgz#722d7cbfc1f6aa8241f16dd814e011e1f41e8796"
  integrity sha512-f2dvO0VU6Oej7RkWJGrehjbzMAjFp5/VKPp5tTpWIV4JHHZK1/BxbFRtf/siA2SWTe09caDmVtYYzWEIbBS4zw==
  dependencies:
    function-bind "^1.1.1"

import-meta-resolve@^2.1.0:
  version "2.2.0"
  resolved "https://registry.yarnpkg.com/import-meta-resolve/-/import-meta-resolve-2.2.0.tgz#701aa29a044954bd135214049294745ac70dd607"
  integrity sha512-CpPOtiCHxP9HdtDM5F45tNiAe66Cqlv3f5uHoJjt+KlaLrUh9/Wz9vepADZ78SlqEo62aDWZtj9ydMGXV+CPnw==

is-core-module@^2.9.0:
  version "2.11.0"
  resolved "https://registry.yarnpkg.com/is-core-module/-/is-core-module-2.11.0.tgz#ad4cb3e3863e814523c96f3f58d26cc570ff0144"
  integrity sha512-RRjxlvLDkD1YJwDbroBHMb+cukurkDWNyHx7D3oNB5x9rb5ogcksMC5wHCadcXoo67gVr/+3GFySh3134zi6rw==
  dependencies:
    has "^1.0.3"

kleur@^4.1.5:
  version "4.1.5"
  resolved "https://registry.yarnpkg.com/kleur/-/kleur-4.1.5.tgz#95106101795f7050c6c650f350c683febddb1780"
  integrity sha512-o+NO+8WrRiQEE4/7nwRJhN1HWpVmJm511pBHUxPLtp0BUISzlBplORYSmTclCnJvQq2tKu/sgl3xVpkc7ZWuQQ==

magic-string@^0.26.7:
  version "0.26.7"
  resolved "https://registry.yarnpkg.com/magic-string/-/magic-string-0.26.7.tgz#caf7daf61b34e9982f8228c4527474dac8981d6f"
  integrity sha512-hX9XH3ziStPoPhJxLq1syWuZMxbDvGNbVchfrdCtanC7D13888bMFow61x8axrx+GfHLtVeAx2kxL7tTGRl+Ow==
  dependencies:
    sourcemap-codec "^1.4.8"

maptalks.three@^0.35.1:
  version "0.35.1"
  resolved "https://registry.yarnpkg.com/maptalks.three/-/maptalks.three-0.35.1.tgz#4f0abf91f5a3d5ad73027a354e7213200fd304eb"
  integrity sha512-80RbHpxi61b8VB0UizWQZZcCrmz2agrOgco/YMGcKnmiViecF6UKNu9uWaIeedd2bBKD+7D8k1ZigajtHVjYlw==
  dependencies:
    deyihu-geometry-extrude "0.1.10"
    poly-extrude "^0.2.0"

maptalks@^1.0.0-rc.14:
  version "1.0.0-rc.15"
  resolved "https://registry.yarnpkg.com/maptalks/-/maptalks-1.0.0-rc.15.tgz#4347ef193ae198bb9357816fd6397b2935431499"
  integrity sha512-8ETbM+UI+XqJG9+f+V1Svad+NXEuVawgf7/uuFCpAykePquddBU+Coi9RCBrwBMVGgnnjF9/bP10MOmh/mQuiA==
  dependencies:
    "@maptalks/feature-filter" "^1.0.0"
    "@maptalks/function-type" "^1.2.3"
    frustum-intersects "^0.1.0"
    rbush "^2.0.2"
    simplify-js "^1.2.1"
    zousan "^2.3.3"

mime@^3.0.0:
  version "3.0.0"
  resolved "https://registry.yarnpkg.com/mime/-/mime-3.0.0.tgz#b374550dca3a0c18443b0c950a6a58f1931cf7a7"
  integrity sha512-jSCU7/VB1loIWBZe14aEYHU/+1UMEHoaO7qxCOVJOw9GgH72VAWppxNcjU+x9a2k3GSIBXNKxXQFqRvvZ7vr3A==

mri@^1.1.0:
  version "1.2.0"
  resolved "https://registry.yarnpkg.com/mri/-/mri-1.2.0.tgz#6721480fec2a11a4889861115a48b6cbe7cc8f0b"
  integrity sha512-tzzskb3bG8LvYGFF/mDTpq3jpI6Q9wc3LEmBaghu+DdCssd1FakN7Bc0hVNmEyGq1bq3RgfkCb3cmQLpNPOroA==

mrmime@^1.0.0:
  version "1.0.1"
  resolved "https://registry.yarnpkg.com/mrmime/-/mrmime-1.0.1.tgz#5f90c825fad4bdd41dc914eff5d1a8cfdaf24f27"
  integrity sha512-hzzEagAgDyoU1Q6yg5uI+AorQgdvMCur3FcKf7NhMKWsaYg+RnbTyHRa/9IlLF9rf455MOCtcqqrQQ83pPP7Uw==

ms@2.1.2:
  version "2.1.2"
  resolved "https://registry.yarnpkg.com/ms/-/ms-2.1.2.tgz#d09d1f357b443f493382a8eb3ccd183872ae6009"
  integrity sha512-sGkPx+VjMtmA6MX27oA4FBFELFCZZ4S4XqeGOXCv68tT+jb3vk/RyaKWP0PTKyWtmLSM0b+adUTEvbs1PEaH2w==

nanoid@^3.3.4:
  version "3.3.4"
  resolved "https://registry.yarnpkg.com/nanoid/-/nanoid-3.3.4.tgz#730b67e3cd09e2deacf03c027c81c9d9dbc5e8ab"
  integrity sha512-MqBkQh/OHTS2egovRtLk45wEyNXwF+cokD+1YPf9u5VfJiRdAiRwB2froX5Co9Rh20xs4siNPm8naNotSD6RBw==

path-parse@^1.0.7:
  version "1.0.7"
  resolved "https://registry.yarnpkg.com/path-parse/-/path-parse-1.0.7.tgz#fbc114b60ca42b30d9daf5858e4bd68bbedb6735"
  integrity sha512-LDJzPVEEEPR+y48z93A0Ed0yXb8pAByGWo/k5YYdYgpY2/2EsOsksJrq7lOHxryrVOn1ejG6oAp8ahvOIQD8sw==

picocolors@^1.0.0:
  version "1.0.0"
  resolved "https://registry.yarnpkg.com/picocolors/-/picocolors-1.0.0.tgz#cb5bdc74ff3f51892236eaf79d68bc44564ab81c"
  integrity sha512-1fygroTLlHu66zi26VoTDv8yRgm0Fccecssto+MhsZ0D/DGW2sm8E8AjW7NU5VVTRt5GxbeZ5qBuJr+HyLYkjQ==

poly-extrude@^0.2.0:
  version "0.2.0"
  resolved "https://registry.yarnpkg.com/poly-extrude/-/poly-extrude-0.2.0.tgz#b1817441691fc1342474354859120fa47a9af76c"
  integrity sha512-Lt3wIDk4adSooYNZQMvyzjw52S1M2Dhs0XAfzpdWBu0aWGkoy558EQX9iTRq39aX0tAK2kI/gDm1yhGfdntYag==
  dependencies:
    earcut "^2.2.4"

postcss@^8.4.18:
  version "8.4.19"
  resolved "https://registry.yarnpkg.com/postcss/-/postcss-8.4.19.tgz#61178e2add236b17351897c8bcc0b4c8ecab56fc"
  integrity sha512-h+pbPsyhlYj6N2ozBmHhHrs9DzGmbaarbLvWipMRO7RLS+v4onj26MPFXA5OBYFxyqYhUJK456SwDcY9H2/zsA==
  dependencies:
    nanoid "^3.3.4"
    picocolors "^1.0.0"
    source-map-js "^1.0.2"

quickselect@^1.0.1:
  version "1.1.1"
  resolved "https://registry.yarnpkg.com/quickselect/-/quickselect-1.1.1.tgz#852e412ce418f237ad5b660d70cffac647ae94c2"
  integrity sha512-qN0Gqdw4c4KGPsBOQafj6yj/PA6c/L63f6CaZ/DCF/xF4Esu3jVmKLUDYxghFx8Kb/O7y9tI7x2RjTSXwdK1iQ==

rbush@^2.0.2:
  version "2.0.2"
  resolved "https://registry.yarnpkg.com/rbush/-/rbush-2.0.2.tgz#bb6005c2731b7ba1d5a9a035772927d16a614605"
  integrity sha512-XBOuALcTm+O/H8G90b6pzu6nX6v2zCKiFG4BJho8a+bY6AER6t8uQUZdi5bomQc0AprCWhEGa7ncAbbRap0bRA==
  dependencies:
    quickselect "^1.0.1"

resolve@^1.22.1:
  version "1.22.1"
  resolved "https://registry.yarnpkg.com/resolve/-/resolve-1.22.1.tgz#27cb2ebb53f91abb49470a928bba7558066ac177"
  integrity sha512-nBpuuYuY5jFsli/JIs1oldw6fOQCBioohqWZg/2hiaOybXOft4lonv85uDOKXdf8rhyK159cxU5cDcK/NKk8zw==
  dependencies:
    is-core-module "^2.9.0"
    path-parse "^1.0.7"
    supports-preserve-symlinks-flag "^1.0.0"

rollup@^2.79.1:
  version "2.79.1"
  resolved "https://registry.yarnpkg.com/rollup/-/rollup-2.79.1.tgz#bedee8faef7c9f93a2647ac0108748f497f081c7"
  integrity sha512-uKxbd0IhMZOhjAiD5oAFp7BqvkA4Dv47qpOCtaNvng4HBwdbWtdOh8f5nZNuk2rp51PMGk3bzfWu5oayNEuYnw==
  optionalDependencies:
    fsevents "~2.3.2"

sade@^1.8.1:
  version "1.8.1"
  resolved "https://registry.yarnpkg.com/sade/-/sade-1.8.1.tgz#0a78e81d658d394887be57d2a409bf703a3b2701"
  integrity sha512-xal3CZX1Xlo/k4ApwCFrHVACi9fBqJ7V+mwhBsuf/1IOKbBy098Fex+Wa/5QMubw09pSZ/u8EY8PWgevJsXp1A==
  dependencies:
    mri "^1.1.0"

set-cookie-parser@^2.5.1:
  version "2.5.1"
  resolved "https://registry.yarnpkg.com/set-cookie-parser/-/set-cookie-parser-2.5.1.tgz#ddd3e9a566b0e8e0862aca974a6ac0e01349430b"
  integrity sha512-1jeBGaKNGdEq4FgIrORu/N570dwoPYio8lSoYLWmX7sQ//0JY08Xh9o5pBcgmHQ/MbsYp/aZnOe1s1lIsbLprQ==

simplify-js@^1.2.1:
  version "1.2.4"
  resolved "https://registry.yarnpkg.com/simplify-js/-/simplify-js-1.2.4.tgz#7aab22d6df547ffd40ef0761ccd82b75287d45c7"
  integrity sha512-vITfSlwt7h/oyrU42R83mtzFpwYk3+mkH9bOHqq/Qw6n8rtR7aE3NZQ5fbcyCUVVmuMJR6ynsAhOfK2qoah8Jg==

sirv@^2.0.2:
  version "2.0.2"
  resolved "https://registry.yarnpkg.com/sirv/-/sirv-2.0.2.tgz#128b9a628d77568139cff85703ad5497c46a4760"
  integrity sha512-4Qog6aE29nIjAOKe/wowFTxOdmbEZKb+3tsLljaBRzJwtqto0BChD2zzH0LhgCSXiI+V7X+Y45v14wBZQ1TK3w==
  dependencies:
    "@polka/url" "^1.0.0-next.20"
    mrmime "^1.0.0"
    totalist "^3.0.0"

source-map-js@^1.0.2:
  version "1.0.2"
  resolved "https://registry.yarnpkg.com/source-map-js/-/source-map-js-1.0.2.tgz#adbc361d9c62df380125e7f161f71c826f1e490c"
  integrity sha512-R0XvVJ9WusLiqTCEiGCmICCMplcCkIwwR11mOSD9CR5u+IXYdiseeEuXCVAjS54zqwkLcPNnmU4OeJ6tUrWhDw==

sourcemap-codec@^1.4.8:
  version "1.4.8"
  resolved "https://registry.yarnpkg.com/sourcemap-codec/-/sourcemap-codec-1.4.8.tgz#ea804bd94857402e6992d05a38ef1ae35a9ab4c4"
  integrity sha512-9NykojV5Uih4lgo5So5dtw+f0JgJX30KCNI8gwhz2J9A15wD0Ml6tjHKwf6fTSa6fAdVBdZeNOs9eJ71qCk8vA==

streamsearch@^1.1.0:
  version "1.1.0"
  resolved "https://registry.yarnpkg.com/streamsearch/-/streamsearch-1.1.0.tgz#404dd1e2247ca94af554e841a8ef0eaa238da764"
  integrity sha512-Mcc5wHehp9aXz1ax6bZUyY5afg9u2rv5cqQI3mRrYkGC8rW2hM02jWuwjtL++LS5qinSyhj2QfLyNsuc+VsExg==

supports-preserve-symlinks-flag@^1.0.0:
  version "1.0.0"
  resolved "https://registry.yarnpkg.com/supports-preserve-symlinks-flag/-/supports-preserve-symlinks-flag-1.0.0.tgz#6eda4bd344a3c94aea376d4cc31bc77311039e09"
  integrity sha512-ot0WnXS9fgdkgIcePe6RHNk1WA8+muPa6cSjeR3V8K27q9BB1rTE3R1p7Hv0z1ZyAc8s6Vvv8DIyWf681MAt0w==

svelte-hmr@^0.15.1:
  version "0.15.1"
  resolved "https://registry.yarnpkg.com/svelte-hmr/-/svelte-hmr-0.15.1.tgz#d11d878a0bbb12ec1cba030f580cd2049f4ec86b"
  integrity sha512-BiKB4RZ8YSwRKCNVdNxK/GfY+r4Kjgp9jCLEy0DuqAKfmQtpL38cQK3afdpjw4sqSs4PLi3jIPJIFp259NkZtA==

svelte@^3.44.0:
  version "3.53.1"
  resolved "https://registry.yarnpkg.com/svelte/-/svelte-3.53.1.tgz#db9d7df7a8f570e8e22547444c149208b1914442"
  integrity sha512-Q4/hHkktZogGhN5iqxqSi9sjEVoe/NbIxX4hXEHoasTxj+TxEQVAq66LnDMdAZxjmsodkoI5F3slqsS68U7FNw==

tiny-glob@^0.2.9:
  version "0.2.9"
  resolved "https://registry.yarnpkg.com/tiny-glob/-/tiny-glob-0.2.9.tgz#2212d441ac17928033b110f8b3640683129d31e2"
  integrity sha512-g/55ssRPUjShh+xkfx9UPDXqhckHEsHr4Vd9zX55oSdGZc/MD0m3sferOkwWtp98bv+kcVfEHtRJgBVJzelrzg==
  dependencies:
    globalyzer "0.1.0"
    globrex "^0.1.2"

totalist@^3.0.0:
  version "3.0.0"
  resolved "https://registry.yarnpkg.com/totalist/-/totalist-3.0.0.tgz#4ef9c58c5f095255cdc3ff2a0a55091c57a3a1bd"
  integrity sha512-eM+pCBxXO/njtF7vdFsHuqb+ElbxqtI4r5EAvk6grfAFyJ6IvWlSkfZ5T9ozC6xWw3Fj1fGoSmrl0gUs46JVIw==

undici@5.13.0:
  version "5.13.0"
  resolved "https://registry.yarnpkg.com/undici/-/undici-5.13.0.tgz#56772fba89d8b25e39bddc8c26a438bd73ea69bb"
  integrity sha512-UDZKtwb2k7KRsK4SdXWG7ErXiL7yTGgLWvk2AXO1JMjgjh404nFo6tWSCM2xMpJwMPx3J8i/vfqEh1zOqvj82Q==
  dependencies:
    busboy "^1.6.0"

vite@^3.1.0:
  version "3.2.4"
  resolved "https://registry.yarnpkg.com/vite/-/vite-3.2.4.tgz#d8c7892dd4268064e04fffbe7d866207dd24166e"
  integrity sha512-Z2X6SRAffOUYTa+sLy3NQ7nlHFU100xwanq1WDwqaiFiCe+25zdxP1TfCS5ojPV2oDDcXudHIoPnI1Z/66B7Yw==
  dependencies:
    esbuild "^0.15.9"
    postcss "^8.4.18"
    resolve "^1.22.1"
    rollup "^2.79.1"
  optionalDependencies:
    fsevents "~2.3.2"

vitefu@^0.2.2:
  version "0.2.2"
  resolved "https://registry.yarnpkg.com/vitefu/-/vitefu-0.2.2.tgz#d03215f351a1fd65f6c277d546f2d30956b970f9"
  integrity sha512-8CKEIWPm4B4DUDN+h+hVJa9pyNi7rzc5MYmbxhs1wcMakueGFNWB5/DL30USm9qU3xUPnL4/rrLEAwwFiD1tag==

zousan@^2.3.3:
  version "2.5.1"
  resolved "https://registry.yarnpkg.com/zousan/-/zousan-2.5.1.tgz#514a8aad3cbba412fb59a4e0ebaffdd72e2dd4c6"
  integrity sha512-ZER+1EJNPHs9G3I6kTqhTmeqPjdU8XoaSIFzaUcSWmxcZBeXMuf5LM6Ih8LLNlQ46wg2Au+3ayn7KgjklVnOfA==
